
Microsoft Visual Studio Solution File, Format Version 12.00
# Visual Studio Version 17
VisualStudioVersion = 17.11.35327.3
MinimumVisualStudioVersion = 10.0.40219.1
Project("{FAE04EC0-301F-11D3-BF4B-00C04F79EFBC}") = "DemoVS", "DemoVS.csproj", "{16EF4EA0-5CCA-4BBE-B3C3-302B51E770BD}"
EndProject
Global
	GlobalSection(SolutionConfigurationPlatforms) = preSolution
		Debug|Any CPU = Debug|Any CPU
		Release|Any CPU = Release|Any CPU
	EndGlobalSection
	GlobalSection(ProjectConfigurationPlatforms) = postSolution
		{16EF4EA0-5CCA-4BBE-B3C3-302B51E770BD}.Debug|Any CPU.ActiveCfg = Debug|Any CPU
		{16EF4EA0-5CCA-4BBE-B3C3-302B51E770BD}.Debug|Any CPU.Build.0 = Debug|Any CPU
		{16EF4EA0-5CCA-4BBE-B3C3-302B51E770BD}.Release|Any CPU.ActiveCfg = Release|Any CPU
		{16EF4EA0-5CCA-4BBE-B3C3-302B51E770BD}.Release|Any CPU.Build.0 = Release|Any CPU
	EndGlobalSection
	GlobalSection(SolutionProperties) = preSolution
		HideSolutionNode = FALSE
	EndGlobalSection
	GlobalSection(ExtensibilityGlobals) = postSolution
		SolutionGuid = {A7F5663D-1F5B-41F7-B5D7-ECACC49CE6A9}
	EndGlobalSection
EndGlobal
