
Microsoft Visual Studio Solution File, Format Version 12.00
# Visual Studio Version 17
VisualStudioVersion = 17.5.002.0
MinimumVisualStudioVersion = 10.0.40219.1
Project("{9A19103F-16F7-4668-BE54-9A1E7A4F7556}") = "DemoVsCode", "DemoVsCode.csproj", "{BC71D6BF-00A8-42D3-BC03-9BD9AF763B8B}"
EndProject
Global
	GlobalSection(SolutionConfigurationPlatforms) = preSolution
		Debug|Any CPU = Debug|Any CPU
		Release|Any CPU = Release|Any CPU
	EndGlobalSection
	GlobalSection(ProjectConfigurationPlatforms) = postSolution
		{BC71D6BF-00A8-42D3-BC03-9BD9AF763B8B}.Debug|Any CPU.ActiveCfg = Debug|Any CPU
		{BC71D6BF-00A8-42D3-BC03-9BD9AF763B8B}.Debug|Any CPU.Build.0 = Debug|Any CPU
		{BC71D6BF-00A8-42D3-BC03-9BD9AF763B8B}.Release|Any CPU.ActiveCfg = Release|Any CPU
		{BC71D6BF-00A8-42D3-BC03-9BD9AF763B8B}.Release|Any CPU.Build.0 = Release|Any CPU
	EndGlobalSection
	GlobalSection(SolutionProperties) = preSolution
		HideSolutionNode = FALSE
	EndGlobalSection
	GlobalSection(ExtensibilityGlobals) = postSolution
		SolutionGuid = {F13CE0AF-119C-480F-B7A2-B84FB926321D}
	EndGlobalSection
EndGlobal
